{
  "name": "heatmapsessionrecording",
  "version": "1.0.0",
  "lockfileVersion": 2,
  "requires": true,
  "packages": {
    "": {
      "name": "heatmapsessionrecording",
      "version": "1.0.0",
      "license": "GPL-3.0+",
      "dependencies": {
        "@types/heatmap.js": "^2.0.37",
        "heatmap.js": "^2.0.5"
      }
    },
    "node_modules/@types/geojson": {
      "version": "7946.0.8",
      "resolved": "https://registry.npmjs.org/@types/geojson/-/geojson-7946.0.8.tgz",
      "integrity": "sha512-1rkryxURpr6aWP7R786/UQOkJ3PcpQiWkAXBmdWc7ryFWqN6a4xfK7BtjXvFBKO9LjQ+MWQSWxYeZX1OApnArA=="
    },
    "node_modules/@types/heatmap.js": {
      "version": "2.0.37",
      "resolved": "https://registry.npmjs.org/@types/heatmap.js/-/heatmap.js-2.0.37.tgz",
      "integrity": "sha512-Zd1m6WaRSPnXcR1fETGnIvyRSE2rcQK21S0zIU/LWjwsrNyKBA3xdckrQhQpIdG+UTeu7WODv237s30Ky7IVXg==",
      "dependencies": {
        "@types/leaflet": "^0"
      }
    },
    "node_modules/@types/leaflet": {
      "version": "0.7.35",
      "resolved": "https://registry.npmjs.org/@types/leaflet/-/leaflet-0.7.35.tgz",
      "integrity": "sha512-BK+pa9a9dYC1qJyYQulqkRI9N+ZnV4ycAmNSOUmom7C6xaAdmrhOoiCiDMhSQklyjPpasy3KWRTkTRTJuDbBSw==",
      "dependencies": {
        "@types/geojson": "*"
      }
    },
    "node_modules/heatmap.js": {
      "version": "2.0.5",
      "resolved": "https://registry.npmjs.org/heatmap.js/-/heatmap.js-2.0.5.tgz",
      "integrity": "sha1-Rm07hlE/XUkRKknSVwCrJzAUkVM="
    }
  },
  "dependencies": {
    "@types/geojson": {
      "version": "7946.0.8",
      "resolved": "https://registry.npmjs.org/@types/geojson/-/geojson-7946.0.8.tgz",
      "integrity": "sha512-1rkryxURpr6aWP7R786/UQOkJ3PcpQiWkAXBmdWc7ryFWqN6a4xfK7BtjXvFBKO9LjQ+MWQSWxYeZX1OApnArA=="
    },
    "@types/heatmap.js": {
      "version": "2.0.37",
      "resolved": "https://registry.npmjs.org/@types/heatmap.js/-/heatmap.js-2.0.37.tgz",
      "integrity": "sha512-Zd1m6WaRSPnXcR1fETGnIvyRSE2rcQK21S0zIU/LWjwsrNyKBA3xdckrQhQpIdG+UTeu7WODv237s30Ky7IVXg==",
      "requires": {
        "@types/leaflet": "^0"
      }
    },
    "@types/leaflet": {
      "version": "0.7.35",
      "resolved": "https://registry.npmjs.org/@types/leaflet/-/leaflet-0.7.35.tgz",
      "integrity": "sha512-BK+pa9a9dYC1qJyYQulqkRI9N+ZnV4ycAmNSOUmom7C6xaAdmrhOoiCiDMhSQklyjPpasy3KWRTkTRTJuDbBSw==",
      "requires": {
        "@types/geojson": "*"
      }
    },
    "heatmap.js": {
      "version": "2.0.5",
      "resolved": "https://registry.npmjs.org/heatmap.js/-/heatmap.js-2.0.5.tgz",
      "integrity": "sha1-Rm07hlE/XUkRKknSVwCrJzAUkVM="
    }
  }
}
